
Microsoft Visual Studio Solution File, Format Version 12.00
# Visual Studio Version 16
VisualStudioVersion = 16.0.31702.278
MinimumVisualStudioVersion = 10.0.40219.1
Project("{FAE04EC0-301F-11D3-BF4B-00C04F79EFBC}") = "EJERCICIOS-CLASES-FRACCIONES", "EJERCICIOS-CLASES-FRACCIONES\EJERCICIOS-CLASES-FRACCIONES.csproj", "{BB7F73F3-197A-4EC0-BA6F-C0F56610D225}"
EndProject
Global
	GlobalSection(SolutionConfigurationPlatforms) = preSolution
		Debug|Any CPU = Debug|Any CPU
		Release|Any CPU = Release|Any CPU
	EndGlobalSection
	GlobalSection(ProjectConfigurationPlatforms) = postSolution
		{BB7F73F3-197A-4EC0-BA6F-C0F56610D225}.Debug|Any CPU.ActiveCfg = Debug|Any CPU
		{BB7F73F3-197A-4EC0-BA6F-C0F56610D225}.Debug|Any CPU.Build.0 = Debug|Any CPU
		{BB7F73F3-197A-4EC0-BA6F-C0F56610D225}.Release|Any CPU.ActiveCfg = Release|Any CPU
		{BB7F73F3-197A-4EC0-BA6F-C0F56610D225}.Release|Any CPU.Build.0 = Release|Any CPU
	EndGlobalSection
	GlobalSection(SolutionProperties) = preSolution
		HideSolutionNode = FALSE
	EndGlobalSection
	GlobalSection(ExtensibilityGlobals) = postSolution
		SolutionGuid = {72666503-6BF2-420A-AAA8-5E051B26A739}
	EndGlobalSection
EndGlobal
