
Microsoft Visual Studio Solution File, Format Version 12.00
# Visual Studio Version 16
VisualStudioVersion = 16.0.31702.278
MinimumVisualStudioVersion = 10.0.40219.1
Project("{FAE04EC0-301F-11D3-BF4B-00C04F79EFBC}") = "BucleWhile16", "BucleWhile16\BucleWhile16.csproj", "{35C66E60-8B8D-4F8C-A2ED-7D5466EA9ECE}"
EndProject
Global
	GlobalSection(SolutionConfigurationPlatforms) = preSolution
		Debug|Any CPU = Debug|Any CPU
		Release|Any CPU = Release|Any CPU
	EndGlobalSection
	GlobalSection(ProjectConfigurationPlatforms) = postSolution
		{35C66E60-8B8D-4F8C-A2ED-7D5466EA9ECE}.Debug|Any CPU.ActiveCfg = Debug|Any CPU
		{35C66E60-8B8D-4F8C-A2ED-7D5466EA9ECE}.Debug|Any CPU.Build.0 = Debug|Any CPU
		{35C66E60-8B8D-4F8C-A2ED-7D5466EA9ECE}.Release|Any CPU.ActiveCfg = Release|Any CPU
		{35C66E60-8B8D-4F8C-A2ED-7D5466EA9ECE}.Release|Any CPU.Build.0 = Release|Any CPU
	EndGlobalSection
	GlobalSection(SolutionProperties) = preSolution
		HideSolutionNode = FALSE
	EndGlobalSection
	GlobalSection(ExtensibilityGlobals) = postSolution
		SolutionGuid = {7BE5B9FD-C6A7-4B44-8BA5-53D7A257C286}
	EndGlobalSection
EndGlobal
