
Microsoft Visual Studio Solution File, Format Version 12.00
# Visual Studio Version 16
VisualStudioVersion = 16.0.31702.278
MinimumVisualStudioVersion = 10.0.40219.1
Project("{FAE04EC0-301F-11D3-BF4B-00C04F79EFBC}") = "EJERCICIOCLASES-GRUPOYALUMNOS", "EJERCICIOCLASES-GRUPOYALUMNOS\EJERCICIOCLASES-GRUPOYALUMNOS.csproj", "{51A7C9B6-5192-428B-B34E-32D473280179}"
EndProject
Global
	GlobalSection(SolutionConfigurationPlatforms) = preSolution
		Debug|Any CPU = Debug|Any CPU
		Release|Any CPU = Release|Any CPU
	EndGlobalSection
	GlobalSection(ProjectConfigurationPlatforms) = postSolution
		{51A7C9B6-5192-428B-B34E-32D473280179}.Debug|Any CPU.ActiveCfg = Debug|Any CPU
		{51A7C9B6-5192-428B-B34E-32D473280179}.Debug|Any CPU.Build.0 = Debug|Any CPU
		{51A7C9B6-5192-428B-B34E-32D473280179}.Release|Any CPU.ActiveCfg = Release|Any CPU
		{51A7C9B6-5192-428B-B34E-32D473280179}.Release|Any CPU.Build.0 = Release|Any CPU
	EndGlobalSection
	GlobalSection(SolutionProperties) = preSolution
		HideSolutionNode = FALSE
	EndGlobalSection
	GlobalSection(ExtensibilityGlobals) = postSolution
		SolutionGuid = {F8E8505D-5DF4-411C-BB9C-C630C9B107EA}
	EndGlobalSection
EndGlobal
