
Microsoft Visual Studio Solution File, Format Version 12.00
# Visual Studio Version 16
VisualStudioVersion = 16.0.31702.278
MinimumVisualStudioVersion = 10.0.40219.1
Project("{FAE04EC0-301F-11D3-BF4B-00C04F79EFBC}") = "MásBucle38", "MásBucle38\MásBucle38.csproj", "{010BFF5B-8D8C-408E-B20E-F58DD27BB6BC}"
EndProject
Global
	GlobalSection(SolutionConfigurationPlatforms) = preSolution
		Debug|Any CPU = Debug|Any CPU
		Release|Any CPU = Release|Any CPU
	EndGlobalSection
	GlobalSection(ProjectConfigurationPlatforms) = postSolution
		{010BFF5B-8D8C-408E-B20E-F58DD27BB6BC}.Debug|Any CPU.ActiveCfg = Debug|Any CPU
		{010BFF5B-8D8C-408E-B20E-F58DD27BB6BC}.Debug|Any CPU.Build.0 = Debug|Any CPU
		{010BFF5B-8D8C-408E-B20E-F58DD27BB6BC}.Release|Any CPU.ActiveCfg = Release|Any CPU
		{010BFF5B-8D8C-408E-B20E-F58DD27BB6BC}.Release|Any CPU.Build.0 = Release|Any CPU
	EndGlobalSection
	GlobalSection(SolutionProperties) = preSolution
		HideSolutionNode = FALSE
	EndGlobalSection
	GlobalSection(ExtensibilityGlobals) = postSolution
		SolutionGuid = {6089659B-B541-48B2-9A22-14145BE05ACE}
	EndGlobalSection
EndGlobal
