
Microsoft Visual Studio Solution File, Format Version 12.00
# Visual Studio Version 16
VisualStudioVersion = 16.0.31729.503
MinimumVisualStudioVersion = 10.0.40219.1
Project("{FAE04EC0-301F-11D3-BF4B-00C04F79EFBC}") = "Funcionesa12", "Funcionesa12\Funcionesa12.csproj", "{258D9B23-0F73-4AE0-A3E9-2D7CC4954379}"
EndProject
Global
	GlobalSection(SolutionConfigurationPlatforms) = preSolution
		Debug|Any CPU = Debug|Any CPU
		Release|Any CPU = Release|Any CPU
	EndGlobalSection
	GlobalSection(ProjectConfigurationPlatforms) = postSolution
		{258D9B23-0F73-4AE0-A3E9-2D7CC4954379}.Debug|Any CPU.ActiveCfg = Debug|Any CPU
		{258D9B23-0F73-4AE0-A3E9-2D7CC4954379}.Debug|Any CPU.Build.0 = Debug|Any CPU
		{258D9B23-0F73-4AE0-A3E9-2D7CC4954379}.Release|Any CPU.ActiveCfg = Release|Any CPU
		{258D9B23-0F73-4AE0-A3E9-2D7CC4954379}.Release|Any CPU.Build.0 = Release|Any CPU
	EndGlobalSection
	GlobalSection(SolutionProperties) = preSolution
		HideSolutionNode = FALSE
	EndGlobalSection
	GlobalSection(ExtensibilityGlobals) = postSolution
		SolutionGuid = {9370C5C6-FAC8-4CE3-BECE-A313112D280F}
	EndGlobalSection
EndGlobal
