
Microsoft Visual Studio Solution File, Format Version 12.00
# Visual Studio Version 16
VisualStudioVersion = 16.0.31702.278
MinimumVisualStudioVersion = 10.0.40219.1
Project("{FAE04EC0-301F-11D3-BF4B-00C04F79EFBC}") = "cadenas", "cadenas\cadenas.csproj", "{A6F97E78-5CFF-432E-8E9C-ABDBDD8A2E23}"
EndProject
Global
	GlobalSection(SolutionConfigurationPlatforms) = preSolution
		Debug|Any CPU = Debug|Any CPU
		Release|Any CPU = Release|Any CPU
	EndGlobalSection
	GlobalSection(ProjectConfigurationPlatforms) = postSolution
		{A6F97E78-5CFF-432E-8E9C-ABDBDD8A2E23}.Debug|Any CPU.ActiveCfg = Debug|Any CPU
		{A6F97E78-5CFF-432E-8E9C-ABDBDD8A2E23}.Debug|Any CPU.Build.0 = Debug|Any CPU
		{A6F97E78-5CFF-432E-8E9C-ABDBDD8A2E23}.Release|Any CPU.ActiveCfg = Release|Any CPU
		{A6F97E78-5CFF-432E-8E9C-ABDBDD8A2E23}.Release|Any CPU.Build.0 = Release|Any CPU
	EndGlobalSection
	GlobalSection(SolutionProperties) = preSolution
		HideSolutionNode = FALSE
	EndGlobalSection
	GlobalSection(ExtensibilityGlobals) = postSolution
		SolutionGuid = {576E68B0-4B7C-4265-A5C5-414C7F45CA7F}
	EndGlobalSection
EndGlobal
