
Microsoft Visual Studio Solution File, Format Version 12.00
# Visual Studio Version 17
VisualStudioVersion = 17.1.32228.430
MinimumVisualStudioVersion = 10.0.40219.1
Project("{FAE04EC0-301F-11D3-BF4B-00C04F79EFBC}") = "Ejercicio 8 - Visuales", "Ejercicio 8 - Visuales\Ejercicio 8 - Visuales.csproj", "{90226003-DBB0-42EB-98E0-ED8E65D29370}"
EndProject
Global
	GlobalSection(SolutionConfigurationPlatforms) = preSolution
		Debug|Any CPU = Debug|Any CPU
		Release|Any CPU = Release|Any CPU
	EndGlobalSection
	GlobalSection(ProjectConfigurationPlatforms) = postSolution
		{90226003-DBB0-42EB-98E0-ED8E65D29370}.Debug|Any CPU.ActiveCfg = Debug|Any CPU
		{90226003-DBB0-42EB-98E0-ED8E65D29370}.Debug|Any CPU.Build.0 = Debug|Any CPU
		{90226003-DBB0-42EB-98E0-ED8E65D29370}.Release|Any CPU.ActiveCfg = Release|Any CPU
		{90226003-DBB0-42EB-98E0-ED8E65D29370}.Release|Any CPU.Build.0 = Release|Any CPU
	EndGlobalSection
	GlobalSection(SolutionProperties) = preSolution
		HideSolutionNode = FALSE
	EndGlobalSection
	GlobalSection(ExtensibilityGlobals) = postSolution
		SolutionGuid = {D3DFBB44-A19F-4414-B097-C57F37E79893}
	EndGlobalSection
EndGlobal
