
Microsoft Visual Studio Solution File, Format Version 12.00
# Visual Studio Version 16
VisualStudioVersion = 16.0.31702.278
MinimumVisualStudioVersion = 10.0.40219.1
Project("{FAE04EC0-301F-11D3-BF4B-00C04F79EFBC}") = "ARRAYMENU", "ARRAYMENU\ARRAYMENU.csproj", "{67122997-BF8C-413C-910A-618DDC78145B}"
EndProject
Global
	GlobalSection(SolutionConfigurationPlatforms) = preSolution
		Debug|Any CPU = Debug|Any CPU
		Release|Any CPU = Release|Any CPU
	EndGlobalSection
	GlobalSection(ProjectConfigurationPlatforms) = postSolution
		{67122997-BF8C-413C-910A-618DDC78145B}.Debug|Any CPU.ActiveCfg = Debug|Any CPU
		{67122997-BF8C-413C-910A-618DDC78145B}.Debug|Any CPU.Build.0 = Debug|Any CPU
		{67122997-BF8C-413C-910A-618DDC78145B}.Release|Any CPU.ActiveCfg = Release|Any CPU
		{67122997-BF8C-413C-910A-618DDC78145B}.Release|Any CPU.Build.0 = Release|Any CPU
	EndGlobalSection
	GlobalSection(SolutionProperties) = preSolution
		HideSolutionNode = FALSE
	EndGlobalSection
	GlobalSection(ExtensibilityGlobals) = postSolution
		SolutionGuid = {7E1D810D-DAA4-4991-9D25-64882C9458A4}
	EndGlobalSection
EndGlobal
