
Microsoft Visual Studio Solution File, Format Version 12.00
# Visual Studio Version 16
VisualStudioVersion = 16.0.31702.278
MinimumVisualStudioVersion = 10.0.40219.1
Project("{FAE04EC0-301F-11D3-BF4B-00C04F79EFBC}") = "Estructurada03", "Estructurada03\Estructurada03.csproj", "{33D55764-332B-4D3E-B3CC-1DE2EBA22250}"
EndProject
Global
	GlobalSection(SolutionConfigurationPlatforms) = preSolution
		Debug|Any CPU = Debug|Any CPU
		Release|Any CPU = Release|Any CPU
	EndGlobalSection
	GlobalSection(ProjectConfigurationPlatforms) = postSolution
		{33D55764-332B-4D3E-B3CC-1DE2EBA22250}.Debug|Any CPU.ActiveCfg = Debug|Any CPU
		{33D55764-332B-4D3E-B3CC-1DE2EBA22250}.Debug|Any CPU.Build.0 = Debug|Any CPU
		{33D55764-332B-4D3E-B3CC-1DE2EBA22250}.Release|Any CPU.ActiveCfg = Release|Any CPU
		{33D55764-332B-4D3E-B3CC-1DE2EBA22250}.Release|Any CPU.Build.0 = Release|Any CPU
	EndGlobalSection
	GlobalSection(SolutionProperties) = preSolution
		HideSolutionNode = FALSE
	EndGlobalSection
	GlobalSection(ExtensibilityGlobals) = postSolution
		SolutionGuid = {B1A8C98B-DC7F-4FD0-A8B8-D6D93A738EE7}
	EndGlobalSection
EndGlobal
