
Microsoft Visual Studio Solution File, Format Version 12.00
# Visual Studio Version 16
VisualStudioVersion = 16.0.31702.278
MinimumVisualStudioVersion = 10.0.40219.1
Project("{FAE04EC0-301F-11D3-BF4B-00C04F79EFBC}") = "MásBucles36", "MásBucles36\MásBucles36.csproj", "{FAD1D102-4C89-416A-B18B-1E3CC045CE24}"
EndProject
Global
	GlobalSection(SolutionConfigurationPlatforms) = preSolution
		Debug|Any CPU = Debug|Any CPU
		Release|Any CPU = Release|Any CPU
	EndGlobalSection
	GlobalSection(ProjectConfigurationPlatforms) = postSolution
		{FAD1D102-4C89-416A-B18B-1E3CC045CE24}.Debug|Any CPU.ActiveCfg = Debug|Any CPU
		{FAD1D102-4C89-416A-B18B-1E3CC045CE24}.Debug|Any CPU.Build.0 = Debug|Any CPU
		{FAD1D102-4C89-416A-B18B-1E3CC045CE24}.Release|Any CPU.ActiveCfg = Release|Any CPU
		{FAD1D102-4C89-416A-B18B-1E3CC045CE24}.Release|Any CPU.Build.0 = Release|Any CPU
	EndGlobalSection
	GlobalSection(SolutionProperties) = preSolution
		HideSolutionNode = FALSE
	EndGlobalSection
	GlobalSection(ExtensibilityGlobals) = postSolution
		SolutionGuid = {433B0FEA-65E1-4015-8A66-1A8DCD3B5A3D}
	EndGlobalSection
EndGlobal
