
Microsoft Visual Studio Solution File, Format Version 12.00
# Visual Studio Version 16
VisualStudioVersion = 16.0.31702.278
MinimumVisualStudioVersion = 10.0.40219.1
Project("{FAE04EC0-301F-11D3-BF4B-00C04F79EFBC}") = "MásBucles41", "MásBucles41\MásBucles41.csproj", "{AA965D65-C123-4942-B764-49A0E36B6158}"
EndProject
Global
	GlobalSection(SolutionConfigurationPlatforms) = preSolution
		Debug|Any CPU = Debug|Any CPU
		Release|Any CPU = Release|Any CPU
	EndGlobalSection
	GlobalSection(ProjectConfigurationPlatforms) = postSolution
		{AA965D65-C123-4942-B764-49A0E36B6158}.Debug|Any CPU.ActiveCfg = Debug|Any CPU
		{AA965D65-C123-4942-B764-49A0E36B6158}.Debug|Any CPU.Build.0 = Debug|Any CPU
		{AA965D65-C123-4942-B764-49A0E36B6158}.Release|Any CPU.ActiveCfg = Release|Any CPU
		{AA965D65-C123-4942-B764-49A0E36B6158}.Release|Any CPU.Build.0 = Release|Any CPU
	EndGlobalSection
	GlobalSection(SolutionProperties) = preSolution
		HideSolutionNode = FALSE
	EndGlobalSection
	GlobalSection(ExtensibilityGlobals) = postSolution
		SolutionGuid = {B3011B9A-1C27-4BED-8DF0-5CF41B6F2878}
	EndGlobalSection
EndGlobal
