
Microsoft Visual Studio Solution File, Format Version 12.00
# Visual Studio Version 16
VisualStudioVersion = 16.0.31702.278
MinimumVisualStudioVersion = 10.0.40219.1
Project("{FAE04EC0-301F-11D3-BF4B-00C04F79EFBC}") = "BucleWhile19", "BucleWhile19\BucleWhile19.csproj", "{74D7FFB5-2165-4D1A-9E76-A6FCD6BB21B7}"
EndProject
Global
	GlobalSection(SolutionConfigurationPlatforms) = preSolution
		Debug|Any CPU = Debug|Any CPU
		Release|Any CPU = Release|Any CPU
	EndGlobalSection
	GlobalSection(ProjectConfigurationPlatforms) = postSolution
		{74D7FFB5-2165-4D1A-9E76-A6FCD6BB21B7}.Debug|Any CPU.ActiveCfg = Debug|Any CPU
		{74D7FFB5-2165-4D1A-9E76-A6FCD6BB21B7}.Debug|Any CPU.Build.0 = Debug|Any CPU
		{74D7FFB5-2165-4D1A-9E76-A6FCD6BB21B7}.Release|Any CPU.ActiveCfg = Release|Any CPU
		{74D7FFB5-2165-4D1A-9E76-A6FCD6BB21B7}.Release|Any CPU.Build.0 = Release|Any CPU
	EndGlobalSection
	GlobalSection(SolutionProperties) = preSolution
		HideSolutionNode = FALSE
	EndGlobalSection
	GlobalSection(ExtensibilityGlobals) = postSolution
		SolutionGuid = {B8A288D8-1464-4AA8-992C-286B57988AD6}
	EndGlobalSection
EndGlobal
