
Microsoft Visual Studio Solution File, Format Version 12.00
# Visual Studio Version 16
VisualStudioVersion = 16.0.31702.278
MinimumVisualStudioVersion = 10.0.40219.1
Project("{FAE04EC0-301F-11D3-BF4B-00C04F79EFBC}") = "Funciones(3)32", "Funciones(3)32\Funciones(3)32.csproj", "{1BAC63B6-2F72-42AE-9692-5C6865E5795C}"
EndProject
Global
	GlobalSection(SolutionConfigurationPlatforms) = preSolution
		Debug|Any CPU = Debug|Any CPU
		Release|Any CPU = Release|Any CPU
	EndGlobalSection
	GlobalSection(ProjectConfigurationPlatforms) = postSolution
		{1BAC63B6-2F72-42AE-9692-5C6865E5795C}.Debug|Any CPU.ActiveCfg = Debug|Any CPU
		{1BAC63B6-2F72-42AE-9692-5C6865E5795C}.Debug|Any CPU.Build.0 = Debug|Any CPU
		{1BAC63B6-2F72-42AE-9692-5C6865E5795C}.Release|Any CPU.ActiveCfg = Release|Any CPU
		{1BAC63B6-2F72-42AE-9692-5C6865E5795C}.Release|Any CPU.Build.0 = Release|Any CPU
	EndGlobalSection
	GlobalSection(SolutionProperties) = preSolution
		HideSolutionNode = FALSE
	EndGlobalSection
	GlobalSection(ExtensibilityGlobals) = postSolution
		SolutionGuid = {291C533A-680E-4808-AFAE-07A64ABD1BB5}
	EndGlobalSection
EndGlobal
